
Microsoft Visual Studio Solution File, Format Version 12.00
# Visual Studio Version 17
VisualStudioVersion = 17.6.33829.357
MinimumVisualStudioVersion = 10.0.40219.1
Project("{FAE04EC0-301F-11D3-BF4B-00C04F79EFBC}") = "DataAccess", "DataAccess\DataAccess.csproj", "{829333B7-44B5-477E-8706-7D50B5B25C82}"
EndProject
Project("{FAE04EC0-301F-11D3-BF4B-00C04F79EFBC}") = "Business", "Business\Business.csproj", "{E72976D9-D613-4842-8C0E-264561DA7EB2}"
EndProject
Project("{FAE04EC0-301F-11D3-BF4B-00C04F79EFBC}") = "Entities", "Entities\Entities.csproj", "{97ABEB4F-FBFC-40DF-863B-465D9DDAD0E6}"
EndProject
Project("{FAE04EC0-301F-11D3-BF4B-00C04F79EFBC}") = "ConsoleUI", "ConsoleUI\ConsoleUI.csproj", "{537BCAFF-E705-447D-A66E-2221A58809CD}"
EndProject
Global
	GlobalSection(SolutionConfigurationPlatforms) = preSolution
		Debug|Any CPU = Debug|Any CPU
		Release|Any CPU = Release|Any CPU
	EndGlobalSection
	GlobalSection(ProjectConfigurationPlatforms) = postSolution
		{829333B7-44B5-477E-8706-7D50B5B25C82}.Debug|Any CPU.ActiveCfg = Debug|Any CPU
		{829333B7-44B5-477E-8706-7D50B5B25C82}.Debug|Any CPU.Build.0 = Debug|Any CPU
		{829333B7-44B5-477E-8706-7D50B5B25C82}.Release|Any CPU.ActiveCfg = Release|Any CPU
		{829333B7-44B5-477E-8706-7D50B5B25C82}.Release|Any CPU.Build.0 = Release|Any CPU
		{E72976D9-D613-4842-8C0E-264561DA7EB2}.Debug|Any CPU.ActiveCfg = Debug|Any CPU
		{E72976D9-D613-4842-8C0E-264561DA7EB2}.Debug|Any CPU.Build.0 = Debug|Any CPU
		{E72976D9-D613-4842-8C0E-264561DA7EB2}.Release|Any CPU.ActiveCfg = Release|Any CPU
		{E72976D9-D613-4842-8C0E-264561DA7EB2}.Release|Any CPU.Build.0 = Release|Any CPU
		{97ABEB4F-FBFC-40DF-863B-465D9DDAD0E6}.Debug|Any CPU.ActiveCfg = Debug|Any CPU
		{97ABEB4F-FBFC-40DF-863B-465D9DDAD0E6}.Debug|Any CPU.Build.0 = Debug|Any CPU
		{97ABEB4F-FBFC-40DF-863B-465D9DDAD0E6}.Release|Any CPU.ActiveCfg = Release|Any CPU
		{97ABEB4F-FBFC-40DF-863B-465D9DDAD0E6}.Release|Any CPU.Build.0 = Release|Any CPU
		{537BCAFF-E705-447D-A66E-2221A58809CD}.Debug|Any CPU.ActiveCfg = Debug|Any CPU
		{537BCAFF-E705-447D-A66E-2221A58809CD}.Debug|Any CPU.Build.0 = Debug|Any CPU
		{537BCAFF-E705-447D-A66E-2221A58809CD}.Release|Any CPU.ActiveCfg = Release|Any CPU
		{537BCAFF-E705-447D-A66E-2221A58809CD}.Release|Any CPU.Build.0 = Release|Any CPU
	EndGlobalSection
	GlobalSection(SolutionProperties) = preSolution
		HideSolutionNode = FALSE
	EndGlobalSection
	GlobalSection(ExtensibilityGlobals) = postSolution
		SolutionGuid = {545EDAA3-EFF3-4696-8D0C-6A30DC8097DE}
	EndGlobalSection
EndGlobal
